
Microsoft Visual Studio Solution File, Format Version 12.00
# Visual Studio Version 16
VisualStudioVersion = 16.0.31410.357
MinimumVisualStudioVersion = 10.0.40219.1
Project("{888888A0-9F3D-457C-B088-3A5042F75D52}") = "HappyWhales", "HappyWhales\HappyWhales.pyproj", "{A473C646-2FC2-4C86-BEE4-AEFC6C670C68}"
EndProject
Global
	GlobalSection(SolutionConfigurationPlatforms) = preSolution
		Debug|Any CPU = Debug|Any CPU
		Release|Any CPU = Release|Any CPU
	EndGlobalSection
	GlobalSection(ProjectConfigurationPlatforms) = postSolution
		{A473C646-2FC2-4C86-BEE4-AEFC6C670C68}.Debug|Any CPU.ActiveCfg = Debug|Any CPU
		{A473C646-2FC2-4C86-BEE4-AEFC6C670C68}.Release|Any CPU.ActiveCfg = Release|Any CPU
	EndGlobalSection
	GlobalSection(SolutionProperties) = preSolution
		HideSolutionNode = FALSE
	EndGlobalSection
	GlobalSection(ExtensibilityGlobals) = postSolution
		SolutionGuid = {CFE01F21-CE99-4F42-A2E5-941758C983A4}
	EndGlobalSection
EndGlobal
